
Microsoft Visual Studio Solution File, Format Version 12.00
# Visual Studio Version 17
VisualStudioVersion = 17.3.32901.215
MinimumVisualStudioVersion = 10.0.40219.1
Project("{FAE04EC0-301F-11D3-BF4B-00C04F79EFBC}") = "AttaBoyGameStore", "AttaBoyGameStore\AttaBoyGameStore.csproj", "{7A7A53F0-8CF4-42D1-9054-396877246CB7}"
EndProject
Global
	GlobalSection(SolutionConfigurationPlatforms) = preSolution
		Debug|Any CPU = Debug|Any CPU
		Release|Any CPU = Release|Any CPU
	EndGlobalSection
	GlobalSection(ProjectConfigurationPlatforms) = postSolution
		{7A7A53F0-8CF4-42D1-9054-396877246CB7}.Debug|Any CPU.ActiveCfg = Debug|Any CPU
		{7A7A53F0-8CF4-42D1-9054-396877246CB7}.Debug|Any CPU.Build.0 = Debug|Any CPU
		{7A7A53F0-8CF4-42D1-9054-396877246CB7}.Release|Any CPU.ActiveCfg = Release|Any CPU
		{7A7A53F0-8CF4-42D1-9054-396877246CB7}.Release|Any CPU.Build.0 = Release|Any CPU
	EndGlobalSection
	GlobalSection(SolutionProperties) = preSolution
		HideSolutionNode = FALSE
	EndGlobalSection
	GlobalSection(ExtensibilityGlobals) = postSolution
		SolutionGuid = {1C4DABCD-F9FF-439F-91B0-D2806EF74367}
	EndGlobalSection
EndGlobal
